{
  "name": "Portfolio",
  "lockfileVersion": 3,
  "requires": true,
  "packages": {
    "": {
      "dependencies": {
        "programming-languages-logos": "^0.0.3"
      }
    },
    "node_modules/programming-languages-logos": {
      "version": "0.0.3",
      "resolved": "https://registry.npmjs.org/programming-languages-logos/-/programming-languages-logos-0.0.3.tgz",
      "integrity": "sha512-58WiFkwCoEEwC86WUnRVSBM1vuNqxK4izjwR7uia/uAMw3zdFoVBa+JER1xIuyJxQrxf1T6+eZvoCnsnwXRfRg=="
    }
  }
}
